
Microsoft Visual Studio Solution File, Format Version 12.00
# Visual Studio 2013
VisualStudioVersion = 12.0.31101.0
MinimumVisualStudioVersion = 10.0.40219.1
Project("{FAE04EC0-301F-11D3-BF4B-00C04F79EFBC}") = "PMZ(ASP.NET Application)", "ASP.NET\PMZ(ASP.NET Application).csproj", "{F6A5A253-2246-4236-ACC3-BA44B699BBD2}"
EndProject
Project("{FAE04EC0-301F-11D3-BF4B-00C04F79EFBC}") = "PMZ(Objects)", "Objects\PMZ(Objects).csproj", "{EBE5A578-CEF2-470A-92D8-8F368E3D88ED}"
EndProject
Global
	GlobalSection(SolutionConfigurationPlatforms) = preSolution
Debug|Any CPU = Debug|Any CPU
Release|Any CPU = Release|Any CPU
	EndGlobalSection
	GlobalSection(ProjectConfigurationPlatforms) = postSolution
		{F6A5A253-2246-4236-ACC3-BA44B699BBD2}.Debug|Any CPU.ActiveCfg = Debug|Any CPU
		{F6A5A253-2246-4236-ACC3-BA44B699BBD2}.Debug|Any CPU.Build.0 = Debug|Any CPU
		{F6A5A253-2246-4236-ACC3-BA44B699BBD2}.Release|Any CPU.ActiveCfg = Release|Any CPU
		{F6A5A253-2246-4236-ACC3-BA44B699BBD2}.Release|Any CPU.Build.0 = Release|Any CPU
		{EBE5A578-CEF2-470A-92D8-8F368E3D88ED}.Debug|Any CPU.ActiveCfg = Debug|Any CPU
		{EBE5A578-CEF2-470A-92D8-8F368E3D88ED}.Debug|Any CPU.Build.0 = Debug|Any CPU
		{EBE5A578-CEF2-470A-92D8-8F368E3D88ED}.Release|Any CPU.ActiveCfg = Release|Any CPU
		{EBE5A578-CEF2-470A-92D8-8F368E3D88ED}.Release|Any CPU.Build.0 = Release|Any CPU
	EndGlobalSection
	GlobalSection(SolutionProperties) = preSolution
		HideSolutionNode = FALSE
	EndGlobalSection
EndGlobal
